# This file is autogenerated, do not edit; changes may be undone by the next 'dep ensure'.


[[projects]]
  digest = "1:6984a62d3c6a9c2680383deb22792e2efdf2ec7a780526b73fd67757139234cd"
  name = "github.com/bndr/gotabulate"
  packages = ["."]
  pruneopts = "UT"
  revision = "6b18276541437a930c4fd02ba0f973ec632572b9"

[[projects]]
  digest = "1:73857c01e2e98400b0e01c917e1d9ca7d9644c3736037f152cd0bb89562f6add"
  name = "github.com/cpuguy83/go-md2man"
  packages = ["md2man"]
  pruneopts = "UT"
  revision = "a65d4d2de4d5f7c74868dfa9b202a3c8be315aaa"
  version = "v1.0.6"

[[projects]]
  digest = "1:a2c1d0e43bd3baaa071d1b9ed72c27d78169b2b269f71c105ac4ba34b1be4a39"
  name = "github.com/davecgh/go-spew"
  packages = ["spew"]
  pruneopts = "UT"
  revision = "346938d642f2ec3594ed81d874461961cd0faa76"
  version = "v1.1.0"

[[projects]]
  digest = "1:aed63cf5b1b55dbc9c175458ce3f5a9f47d8d212182657fd04ac57d65b7df929"
  name = "github.com/fsnotify/fsnotify"
  packages = ["."]
  pruneopts = "UT"
  revision = "bd2828f9f176e52d7222e565abb2d338d3f3c103"

[[projects]]
  digest = "1:6514d79bcf7983e52c7f42ae634c61054af5e9b17c261a542f2e3272146b08df"
  name = "github.com/hashicorp/hcl"
  packages = [
    ".",
    "hcl/ast",
    "hcl/parser",
    "hcl/scanner",
    "hcl/strconv",
    "hcl/token",
    "json/parser",
    "json/scanner",
    "json/token",
  ]
  pruneopts = "UT"
  revision = "99ce73d4fe576449f7a689d4fc2b2ad09a86bdaa"

[[projects]]
  digest = "1:870d441fe217b8e689d7949fef6e43efbc787e50f200cb1e70dbca9204a1d6be"
  name = "github.com/inconshreveable/mousetrap"
  packages = ["."]
  pruneopts = "UT"
  revision = "76626ae9c91c4f2a10f34cad8ce83ea42c93bb75"
  version = "v1.0"

[[projects]]
  branch = "master"
  digest = "1:b4efcefd42be95aefefe8c599cb59fd812109caaea18c47928085998d5c58894"
  name = "github.com/jharlap/httpstub"
  packages = ["."]
  pruneopts = "UT"
  revision = "ac3849a1e58448eae65eb1f556f8f35dd5e3b993"

[[projects]]
  digest = "1:81780a09277ee80f2bfbb90da6f51b5de95423db6cde8ff6d72cd20eba989bba"
  name = "github.com/kr/fs"
  packages = ["."]
  pruneopts = "UT"
  revision = "2788f0dbd16903de03cb8186e5c7d97b69ad387b"

[[projects]]
  digest = "1:ad64e297f65e4e80644e3010363f555644d22966db06e3634c6ceb2a856589cb"
  name = "github.com/magiconair/properties"
  packages = ["."]
  pruneopts = "UT"
  revision = "0723e352fa358f9322c938cc2dadda874e9151a9"

[[projects]]
  digest = "1:b7295782cadcb4f2aea15869182e119d31f1aeedf67eca9c93bd500f78f226cb"
  name = "github.com/mattn/go-runewidth"
  packages = ["."]
  pruneopts = "UT"
  revision = "737072b4e32b7a5018b4a7125da8d12de90e8045"

[[projects]]
  digest = "1:511aec95cfdfd74f7eeb6e519649cf488fcc35dace36fad58c78557ebce70dc3"
  name = "github.com/mitchellh/mapstructure"
  packages = ["."]
  pruneopts = "UT"
  revision = "f3009df150dadf309fdee4a54ed65c124afad715"

[[projects]]
  digest = "1:c416b52f6afb8f40cd1ca987ca53c38e65bd169d3de6d89d729880ddf91670f0"
  name = "github.com/pelletier/go-buffruneio"
  packages = ["."]
  pruneopts = "UT"
  revision = "df1e16fde7fc330a0ca68167c23bf7ed6ac31d6d"
  version = "v0.1.0"

[[projects]]
  digest = "1:c47944e75eb63776d3d4a57a3a35cd8d932d5122301e69e4a16113cc57da58d7"
  name = "github.com/pelletier/go-toml"
  packages = ["."]
  pruneopts = "UT"
  revision = "45932ad32dfdd20826f5671da37a5f3ce9f26a8d"

[[projects]]
  digest = "1:40e195917a951a8bf867cd05de2a46aaf1806c50cf92eebf4c16f78cd196f747"
  name = "github.com/pkg/errors"
  packages = ["."]
  pruneopts = "UT"
  revision = "839d9e913e063e28dfd0e6c7b7512793e0a48be9"

[[projects]]
  digest = "1:8c2de3d113427f30484c85b8fdb3286a567e2af8e60b379f8d85e3af90e20089"
  name = "github.com/pkg/sftp"
  packages = ["."]
  pruneopts = "UT"
  revision = "4d0e916071f68db74f8a73926335f809396d6b42"

[[projects]]
  digest = "1:0028cb19b2e4c3112225cd871870f2d9cf49b9b4276531f03438a88e94be86fe"
  name = "github.com/pmezard/go-difflib"
  packages = ["difflib"]
  pruneopts = "UT"
  revision = "792786c7400a136282c1664665ae0a8db921c6c2"
  version = "v1.0.0"

[[projects]]
  digest = "1:d59d82ffcf27a541671c474b4c66e32c376d490553f9d3fa705ad8e1856f5f03"
  name = "github.com/russross/blackfriday"
  packages = ["."]
  pruneopts = "UT"
  revision = "5f33e7b7878355cd2b7e6b8eefc48a5472c69f70"

[[projects]]
  digest = "1:5fd510fead346e6bf25935e7e86fdcdd567584a710cd8a23e8161386f04b5180"
  name = "github.com/shurcooL/sanitized_anchor_name"
  packages = ["."]
  pruneopts = "UT"
  revision = "1dba4b3954bc059efc3991ec364f9f9a35f597d2"

[[projects]]
  digest = "1:ad377bd8cc2628c57276e9f880e5211774c916edb8139716b3153092b028c58c"
  name = "github.com/spf13/afero"
  packages = [
    ".",
    "mem",
    "sftp",
  ]
  pruneopts = "UT"
  revision = "52e4a6cfac46163658bd4f123c49b6ee7dc75f78"

[[projects]]
  digest = "1:964ec0e39dbdedeb872407141c0d196f1c66a88796993c2695db293bc3ff99c5"
  name = "github.com/spf13/cast"
  packages = ["."]
  pruneopts = "UT"
  revision = "2580bc98dc0e62908119e4737030cc2fdfc45e4c"

[[projects]]
  digest = "1:3c48eb9d9dbc9146d58e83890e86386532dc960587da9499e066ecb3c62f8748"
  name = "github.com/spf13/cobra"
  packages = [
    ".",
    "doc",
  ]
  pruneopts = "UT"
  revision = "856b96dcb49d6427babe192998a35190a12c2230"

[[projects]]
  digest = "1:16c1437fdd40ea6e3419868c7ee065376bb36c660c63d86dc858bdf05d20033d"
  name = "github.com/spf13/jwalterweatherman"
  packages = ["."]
  pruneopts = "UT"
  revision = "33c24e77fb80341fe7130ee7c594256ff08ccc46"

[[projects]]
  digest = "1:ce8848a6fa8a2014d5fd57b5caa9c3c8000e29fb4cfe1b5e3c3d340ce766d56e"
  name = "github.com/spf13/pflag"
  packages = ["."]
  pruneopts = "UT"
  revision = "5ccb023bc27df288a957c5e994cd44fd19619465"

[[projects]]
  digest = "1:147a36dfdd98a79837e34c46d4afa548bd6a094e2cdaa2cae1ee6e17e462397b"
  name = "github.com/spf13/viper"
  packages = ["."]
  pruneopts = "UT"
  revision = "80ab6657f9ec7e5761f6603320d3d58dfe6970f6"

[[projects]]
  digest = "1:560862c637340d217e2cfccd39df64069689069ec4f0a89ebf321cb455dae5ab"
  name = "github.com/stretchr/testify"
  packages = [
    "assert",
    "require",
    "suite",
  ]
  pruneopts = "UT"
  revision = "18a02ba4a312f95da08ff4cfc0055750ce50ae9e"

[[projects]]
  digest = "1:16cacad67a9ba8e34d66c9c17ee34bcc0d28666d249db7ee2c2604d545a604ad"
  name = "golang.org/x/crypto"
  packages = [
    "curve25519",
    "ed25519",
    "ed25519/internal/edwards25519",
    "ssh",
  ]
  pruneopts = "UT"
  revision = "1150b8bd09e53aea1d415621adae9bad665061a1"

[[projects]]
  digest = "1:3373df9a79dbfdec0111498a2358444eee9f70c3748ee0e0c2a1ad993978f676"
  name = "golang.org/x/net"
  packages = [
    "context",
    "context/ctxhttp",
  ]
  pruneopts = "UT"
  revision = "65dfc08770ce66f74becfdff5f8ab01caef4e946"

[[projects]]
  digest = "1:b87e0acacb14282fe3084151766e31b3218d5077182910b6ce9f3e503974775a"
  name = "golang.org/x/sys"
  packages = ["unix"]
  pruneopts = "UT"
  revision = "c200b10b5d5e122be351b67af224adc6128af5bf"

[[projects]]
  digest = "1:6d98ba2a94ebd6fb318aa7a4254cb9b666441afa6bcace0f176be59f156c6fa9"
  name = "golang.org/x/text"
  packages = [
    "internal/gen",
    "internal/triegen",
    "internal/ucd",
    "transform",
    "unicode/cldr",
    "unicode/norm",
  ]
  pruneopts = "UT"
  revision = "2556e8494a202e0b4008f70eda8cdb089b03fa50"

[[projects]]
  digest = "1:cacb98d52c60c337c2ce95a7af83ba0313a93ce5e73fa9e99a96aff70776b9d3"
  name = "gopkg.in/yaml.v2"
  packages = ["."]
  pruneopts = "UT"
  revision = "a5b47d31c556af34a302ce5d659e6fea44d90de0"

[solve-meta]
  analyzer-name = "dep"
  analyzer-version = 1
  input-imports = [
    "github.com/bndr/gotabulate",
    "github.com/jharlap/httpstub",
    "github.com/pkg/errors",
    "github.com/spf13/cobra",
    "github.com/spf13/cobra/doc",
    "github.com/spf13/viper",
    "github.com/stretchr/testify/assert",
    "github.com/stretchr/testify/suite",
    "golang.org/x/net/context",
    "golang.org/x/net/context/ctxhttp",
    "gopkg.in/yaml.v2",
  ]
  solver-name = "gps-cdcl"
  solver-version = 1
